
Microsoft Visual Studio Solution File, Format Version 12.00
# Visual Studio Version 16
VisualStudioVersion = 16.0.31729.503
MinimumVisualStudioVersion = 10.0.40219.1
Project("{FAE04EC0-301F-11D3-BF4B-00C04F79EFBC}") = "SpaceResult.Android", "SpaceResult\SpaceResult.Android\SpaceResult.Android.csproj", "{9FB045E7-4547-4CE9-83D6-631ADBA20F29}"
EndProject
Project("{FAE04EC0-301F-11D3-BF4B-00C04F79EFBC}") = "SpaceResult", "SpaceResult\SpaceResult\SpaceResult.csproj", "{8112A279-D68A-4C03-B317-C91F7002F557}"
EndProject
Global
	GlobalSection(SolutionConfigurationPlatforms) = preSolution
		Debug|Any CPU = Debug|Any CPU
		Release|Any CPU = Release|Any CPU
	EndGlobalSection
	GlobalSection(ProjectConfigurationPlatforms) = postSolution
		{9FB045E7-4547-4CE9-83D6-631ADBA20F29}.Debug|Any CPU.ActiveCfg = Debug|Any CPU
		{9FB045E7-4547-4CE9-83D6-631ADBA20F29}.Debug|Any CPU.Build.0 = Debug|Any CPU
		{9FB045E7-4547-4CE9-83D6-631ADBA20F29}.Debug|Any CPU.Deploy.0 = Debug|Any CPU
		{9FB045E7-4547-4CE9-83D6-631ADBA20F29}.Release|Any CPU.ActiveCfg = Release|Any CPU
		{9FB045E7-4547-4CE9-83D6-631ADBA20F29}.Release|Any CPU.Build.0 = Release|Any CPU
		{9FB045E7-4547-4CE9-83D6-631ADBA20F29}.Release|Any CPU.Deploy.0 = Release|Any CPU
		{8112A279-D68A-4C03-B317-C91F7002F557}.Debug|Any CPU.ActiveCfg = Debug|Any CPU
		{8112A279-D68A-4C03-B317-C91F7002F557}.Debug|Any CPU.Build.0 = Debug|Any CPU
		{8112A279-D68A-4C03-B317-C91F7002F557}.Debug|Any CPU.Deploy.0 = Debug|Any CPU
		{8112A279-D68A-4C03-B317-C91F7002F557}.Release|Any CPU.ActiveCfg = Release|Any CPU
		{8112A279-D68A-4C03-B317-C91F7002F557}.Release|Any CPU.Build.0 = Release|Any CPU
		{8112A279-D68A-4C03-B317-C91F7002F557}.Release|Any CPU.Deploy.0 = Release|Any CPU
	EndGlobalSection
	GlobalSection(SolutionProperties) = preSolution
		HideSolutionNode = FALSE
	EndGlobalSection
	GlobalSection(ExtensibilityGlobals) = postSolution
		SolutionGuid = {45F742DA-C135-4F27-93C9-BB5405169E0E}
	EndGlobalSection
EndGlobal
